
Microsoft Visual Studio Solution File, Format Version 12.00
# Visual Studio Version 17
VisualStudioVersion = 17.0.31903.59
MinimumVisualStudioVersion = 10.0.40219.1
Project("{FAE04EC0-301F-11D3-BF4B-00C04F79EFBC}") = "BudgetTracker.API", "BudgetTracker.API\BudgetTracker.API.csproj", "{9B5B204B-F224-49C3-B6FF-33F916319C20}"
EndProject
Project("{FAE04EC0-301F-11D3-BF4B-00C04F79EFBC}") = "BudgetTracker.Data", "BudgetTracker.Data\BudgetTracker.Data.csproj", "{A3B61B91-0DA9-4679-8863-10122772DEC5}"
EndProject
Project("{FAE04EC0-301F-11D3-BF4B-00C04F79EFBC}") = "BudgetTracker.Models", "BudgetTracker.Models\BudgetTracker.Models.csproj", "{CE1DADA6-644D-466B-9C88-9A3A62A93ED5}"
EndProject
Project("{FAE04EC0-301F-11D3-BF4B-00C04F79EFBC}") = "BudgetTracker.Tests", "BudgetTracker.Tests\BudgetTracker.Tests.csproj", "{551F1B1B-8F0E-485A-9388-0ADA261F74D9}"
EndProject
Global
	GlobalSection(SolutionConfigurationPlatforms) = preSolution
		Debug|Any CPU = Debug|Any CPU
		Release|Any CPU = Release|Any CPU
	EndGlobalSection
	GlobalSection(SolutionProperties) = preSolution
		HideSolutionNode = FALSE
	EndGlobalSection
	GlobalSection(ProjectConfigurationPlatforms) = postSolution
		{9B5B204B-F224-49C3-B6FF-33F916319C20}.Debug|Any CPU.ActiveCfg = Debug|Any CPU
		{9B5B204B-F224-49C3-B6FF-33F916319C20}.Debug|Any CPU.Build.0 = Debug|Any CPU
		{9B5B204B-F224-49C3-B6FF-33F916319C20}.Release|Any CPU.ActiveCfg = Release|Any CPU
		{9B5B204B-F224-49C3-B6FF-33F916319C20}.Release|Any CPU.Build.0 = Release|Any CPU
		{A3B61B91-0DA9-4679-8863-10122772DEC5}.Debug|Any CPU.ActiveCfg = Debug|Any CPU
		{A3B61B91-0DA9-4679-8863-10122772DEC5}.Debug|Any CPU.Build.0 = Debug|Any CPU
		{A3B61B91-0DA9-4679-8863-10122772DEC5}.Release|Any CPU.ActiveCfg = Release|Any CPU
		{A3B61B91-0DA9-4679-8863-10122772DEC5}.Release|Any CPU.Build.0 = Release|Any CPU
		{CE1DADA6-644D-466B-9C88-9A3A62A93ED5}.Debug|Any CPU.ActiveCfg = Debug|Any CPU
		{CE1DADA6-644D-466B-9C88-9A3A62A93ED5}.Debug|Any CPU.Build.0 = Debug|Any CPU
		{CE1DADA6-644D-466B-9C88-9A3A62A93ED5}.Release|Any CPU.ActiveCfg = Release|Any CPU
		{CE1DADA6-644D-466B-9C88-9A3A62A93ED5}.Release|Any CPU.Build.0 = Release|Any CPU
		{551F1B1B-8F0E-485A-9388-0ADA261F74D9}.Debug|Any CPU.ActiveCfg = Debug|Any CPU
		{551F1B1B-8F0E-485A-9388-0ADA261F74D9}.Debug|Any CPU.Build.0 = Debug|Any CPU
		{551F1B1B-8F0E-485A-9388-0ADA261F74D9}.Release|Any CPU.ActiveCfg = Release|Any CPU
		{551F1B1B-8F0E-485A-9388-0ADA261F74D9}.Release|Any CPU.Build.0 = Release|Any CPU
	EndGlobalSection
EndGlobal
