
Microsoft Visual Studio Solution File, Format Version 12.00
# Visual Studio Version 17
VisualStudioVersion = 17.5.002.0
MinimumVisualStudioVersion = 10.0.40219.1
Project("{9A19103F-16F7-4668-BE54-9A1E7A4F7556}") = "PetTracker", "PetTracker.csproj", "{AB4B3313-3BAC-4893-9538-5703192C3F43}"
EndProject
Global
	GlobalSection(SolutionConfigurationPlatforms) = preSolution
		Debug|Any CPU = Debug|Any CPU
		Release|Any CPU = Release|Any CPU
	EndGlobalSection
	GlobalSection(ProjectConfigurationPlatforms) = postSolution
		{AB4B3313-3BAC-4893-9538-5703192C3F43}.Debug|Any CPU.ActiveCfg = Debug|Any CPU
		{AB4B3313-3BAC-4893-9538-5703192C3F43}.Debug|Any CPU.Build.0 = Debug|Any CPU
		{AB4B3313-3BAC-4893-9538-5703192C3F43}.Release|Any CPU.ActiveCfg = Release|Any CPU
		{AB4B3313-3BAC-4893-9538-5703192C3F43}.Release|Any CPU.Build.0 = Release|Any CPU
	EndGlobalSection
	GlobalSection(SolutionProperties) = preSolution
		HideSolutionNode = FALSE
	EndGlobalSection
	GlobalSection(ExtensibilityGlobals) = postSolution
		SolutionGuid = {E77C8D84-2381-4DD1-AEFA-F6C9A5FF5347}
	EndGlobalSection
EndGlobal
