
Microsoft Visual Studio Solution File, Format Version 12.00
# Visual Studio Version 17
VisualStudioVersion = 17.5.002.0
MinimumVisualStudioVersion = 10.0.40219.1
Project("{9A19103F-16F7-4668-BE54-9A1E7A4F7556}") = "WebDemo", "WebDemo.csproj", "{3539A152-4060-43E4-8CCE-5526D5B709BA}"
EndProject
Global
	GlobalSection(SolutionConfigurationPlatforms) = preSolution
		Debug|Any CPU = Debug|Any CPU
		Release|Any CPU = Release|Any CPU
	EndGlobalSection
	GlobalSection(ProjectConfigurationPlatforms) = postSolution
		{3539A152-4060-43E4-8CCE-5526D5B709BA}.Debug|Any CPU.ActiveCfg = Debug|Any CPU
		{3539A152-4060-43E4-8CCE-5526D5B709BA}.Debug|Any CPU.Build.0 = Debug|Any CPU
		{3539A152-4060-43E4-8CCE-5526D5B709BA}.Release|Any CPU.ActiveCfg = Release|Any CPU
		{3539A152-4060-43E4-8CCE-5526D5B709BA}.Release|Any CPU.Build.0 = Release|Any CPU
	EndGlobalSection
	GlobalSection(SolutionProperties) = preSolution
		HideSolutionNode = FALSE
	EndGlobalSection
	GlobalSection(ExtensibilityGlobals) = postSolution
		SolutionGuid = {B3407801-D920-4AE3-A2F4-7C5FDEA83067}
	EndGlobalSection
EndGlobal
