
Microsoft Visual Studio Solution File, Format Version 12.00
# Visual Studio Version 17
VisualStudioVersion = 17.5.002.0
MinimumVisualStudioVersion = 10.0.40219.1
Project("{9A19103F-16F7-4668-BE54-9A1E7A4F7556}") = "MyApp.Tests", "MyApp.Tests.csproj", "{97A41B9E-74A7-4BDE-86D7-C395C291BBBB}"
EndProject
Global
	GlobalSection(SolutionConfigurationPlatforms) = preSolution
		Debug|Any CPU = Debug|Any CPU
		Release|Any CPU = Release|Any CPU
	EndGlobalSection
	GlobalSection(ProjectConfigurationPlatforms) = postSolution
		{97A41B9E-74A7-4BDE-86D7-C395C291BBBB}.Debug|Any CPU.ActiveCfg = Debug|Any CPU
		{97A41B9E-74A7-4BDE-86D7-C395C291BBBB}.Debug|Any CPU.Build.0 = Debug|Any CPU
		{97A41B9E-74A7-4BDE-86D7-C395C291BBBB}.Release|Any CPU.ActiveCfg = Release|Any CPU
		{97A41B9E-74A7-4BDE-86D7-C395C291BBBB}.Release|Any CPU.Build.0 = Release|Any CPU
	EndGlobalSection
	GlobalSection(SolutionProperties) = preSolution
		HideSolutionNode = FALSE
	EndGlobalSection
	GlobalSection(ExtensibilityGlobals) = postSolution
		SolutionGuid = {ADE908E8-9640-4785-9851-A27A51D86B3F}
	EndGlobalSection
EndGlobal
